
Microsoft Visual Studio Solution File, Format Version 12.00
# Visual Studio Version 17
VisualStudioVersion = 17.9.34723.18
MinimumVisualStudioVersion = 10.0.40219.1
Project("{FAE04EC0-301F-11D3-BF4B-00C04F79EFBC}") = "arrayClass", "arrayClass.csproj", "{BA510F69-FB4D-485D-A1FA-C976C090D0EC}"
EndProject
Global
	GlobalSection(SolutionConfigurationPlatforms) = preSolution
		Debug|Any CPU = Debug|Any CPU
		Release|Any CPU = Release|Any CPU
	EndGlobalSection
	GlobalSection(ProjectConfigurationPlatforms) = postSolution
		{BA510F69-FB4D-485D-A1FA-C976C090D0EC}.Debug|Any CPU.ActiveCfg = Debug|Any CPU
		{BA510F69-FB4D-485D-A1FA-C976C090D0EC}.Debug|Any CPU.Build.0 = Debug|Any CPU
		{BA510F69-FB4D-485D-A1FA-C976C090D0EC}.Release|Any CPU.ActiveCfg = Release|Any CPU
		{BA510F69-FB4D-485D-A1FA-C976C090D0EC}.Release|Any CPU.Build.0 = Release|Any CPU
	EndGlobalSection
	GlobalSection(SolutionProperties) = preSolution
		HideSolutionNode = FALSE
	EndGlobalSection
	GlobalSection(ExtensibilityGlobals) = postSolution
		SolutionGuid = {C33E728A-31B5-4014-B51A-09B66D32059B}
	EndGlobalSection
EndGlobal
